
Microsoft Visual Studio Solution File, Format Version 12.00
# Visual Studio 15
VisualStudioVersion = 15.0.26730.10
MinimumVisualStudioVersion = 10.0.40219.1
Project("{FAE04EC0-301F-11D3-BF4B-00C04F79EFBC}") = "ColorsSelection", "ColoursSelection\ColorsSelection.csproj", "{5C6BE0B1-E87B-4622-9BCE-0D4E5DABAC2A}"
EndProject
Project("{FAE04EC0-301F-11D3-BF4B-00C04F79EFBC}") = "JsonHandler", "JsonHandler\JsonHandler.csproj", "{B5391E7D-C2F4-4E3A-8DA1-B9F6603E8860}"
EndProject
Project("{FAE04EC0-301F-11D3-BF4B-00C04F79EFBC}") = "MyColors", "MyColors\MyColors.csproj", "{0283B1F9-AC9E-4246-B4CD-2AE894D456F4}"
EndProject
Project("{FAE04EC0-301F-11D3-BF4B-00C04F79EFBC}") = "ColorsClient", "ColorsClient\ColorsClient.csproj", "{7651961D-D6FE-492F-9195-98D9CF9F6356}"
EndProject
Project("{FAE04EC0-301F-11D3-BF4B-00C04F79EFBC}") = "UnitTest", "UnitTest\UnitTest.csproj", "{6C8FC6AB-58C8-4921-A6D8-198035E6315B}"
EndProject
Global
	GlobalSection(SolutionConfigurationPlatforms) = preSolution
		Debug|Any CPU = Debug|Any CPU
		Release|Any CPU = Release|Any CPU
	EndGlobalSection
	GlobalSection(ProjectConfigurationPlatforms) = postSolution
		{5C6BE0B1-E87B-4622-9BCE-0D4E5DABAC2A}.Debug|Any CPU.ActiveCfg = Debug|Any CPU
		{5C6BE0B1-E87B-4622-9BCE-0D4E5DABAC2A}.Debug|Any CPU.Build.0 = Debug|Any CPU
		{5C6BE0B1-E87B-4622-9BCE-0D4E5DABAC2A}.Release|Any CPU.ActiveCfg = Release|Any CPU
		{5C6BE0B1-E87B-4622-9BCE-0D4E5DABAC2A}.Release|Any CPU.Build.0 = Release|Any CPU
		{B5391E7D-C2F4-4E3A-8DA1-B9F6603E8860}.Debug|Any CPU.ActiveCfg = Debug|Any CPU
		{B5391E7D-C2F4-4E3A-8DA1-B9F6603E8860}.Debug|Any CPU.Build.0 = Debug|Any CPU
		{B5391E7D-C2F4-4E3A-8DA1-B9F6603E8860}.Release|Any CPU.ActiveCfg = Release|Any CPU
		{B5391E7D-C2F4-4E3A-8DA1-B9F6603E8860}.Release|Any CPU.Build.0 = Release|Any CPU
		{0283B1F9-AC9E-4246-B4CD-2AE894D456F4}.Debug|Any CPU.ActiveCfg = Debug|Any CPU
		{0283B1F9-AC9E-4246-B4CD-2AE894D456F4}.Debug|Any CPU.Build.0 = Debug|Any CPU
		{0283B1F9-AC9E-4246-B4CD-2AE894D456F4}.Release|Any CPU.ActiveCfg = Release|Any CPU
		{0283B1F9-AC9E-4246-B4CD-2AE894D456F4}.Release|Any CPU.Build.0 = Release|Any CPU
		{7651961D-D6FE-492F-9195-98D9CF9F6356}.Debug|Any CPU.ActiveCfg = Debug|Any CPU
		{7651961D-D6FE-492F-9195-98D9CF9F6356}.Debug|Any CPU.Build.0 = Debug|Any CPU
		{7651961D-D6FE-492F-9195-98D9CF9F6356}.Release|Any CPU.ActiveCfg = Release|Any CPU
		{7651961D-D6FE-492F-9195-98D9CF9F6356}.Release|Any CPU.Build.0 = Release|Any CPU
		{6C8FC6AB-58C8-4921-A6D8-198035E6315B}.Debug|Any CPU.ActiveCfg = Debug|Any CPU
		{6C8FC6AB-58C8-4921-A6D8-198035E6315B}.Debug|Any CPU.Build.0 = Debug|Any CPU
		{6C8FC6AB-58C8-4921-A6D8-198035E6315B}.Release|Any CPU.ActiveCfg = Release|Any CPU
		{6C8FC6AB-58C8-4921-A6D8-198035E6315B}.Release|Any CPU.Build.0 = Release|Any CPU
	EndGlobalSection
	GlobalSection(SolutionProperties) = preSolution
		HideSolutionNode = FALSE
	EndGlobalSection
	GlobalSection(ExtensibilityGlobals) = postSolution
		SolutionGuid = {08116371-0941-4C9E-A6CB-9FDCB10E822F}
	EndGlobalSection
EndGlobal
